// !$*UTF8*$!
{
	archiveVersion = 1;
	classes = {
	};
	objectVersion = 77;
	objects = {

/* Begin PBXBuildFile section */
		AA0100000000000000000001 /* CTATrackerApp.swift in Sources */ = {isa = PBXBuildFile; fileRef = AA0000000000000000000001 /* CTATrackerApp.swift */; };
		AA0100000000000000000002 /* ContentView.swift in Sources */ = {isa = PBXBuildFile; fileRef = AA0000000000000000000002 /* ContentView.swift */; };
		AA0100000000000000000003 /* Vehicle.swift in Sources */ = {isa = PBXBuildFile; fileRef = AA0000000000000000000003 /* Vehicle.swift */; };
		AA0100000000000000000004 /* RouteInfo.swift in Sources */ = {isa = PBXBuildFile; fileRef = AA0000000000000000000004 /* RouteInfo.swift */; };
		AA0100000000000000000005 /* LineRegistry.swift in Sources */ = {isa = PBXBuildFile; fileRef = AA0000000000000000000005 /* LineRegistry.swift */; };
		AA0100000000000000000006 /* TransitAPI.swift in Sources */ = {isa = PBXBuildFile; fileRef = AA0000000000000000000006 /* TransitAPI.swift */; };
		AA0100000000000000000007 /* GeoMath.swift in Sources */ = {isa = PBXBuildFile; fileRef = AA0000000000000000000007 /* GeoMath.swift */; };
		AA0100000000000000000008 /* TransitStore.swift in Sources */ = {isa = PBXBuildFile; fileRef = AA0000000000000000000008 /* TransitStore.swift */; };
		AA0100000000000000000009 /* TransitMapView.swift in Sources */ = {isa = PBXBuildFile; fileRef = AA0000000000000000000009 /* TransitMapView.swift */; };
		AA010000000000000000000A /* FilterMenu.swift in Sources */ = {isa = PBXBuildFile; fileRef = AA000000000000000000000A /* FilterMenu.swift */; };
		AA010000000000000000000B /* InfoBanner.swift in Sources */ = {isa = PBXBuildFile; fileRef = AA000000000000000000000B /* InfoBanner.swift */; };
		AA010000000000000000000C /* Assets.xcassets in Resources */ = {isa = PBXBuildFile; fileRef = AA000000000000000000000C /* Assets.xcassets */; };
/* End PBXBuildFile section */

/* Begin PBXFileReference section */
		AA0000000000000000000001 /* CTATrackerApp.swift */ = {isa = PBXFileReference; lastKnownFileType = sourcecode.swift; path = CTATrackerApp.swift; sourceTree = "<group>"; };
		AA0000000000000000000002 /* ContentView.swift */ = {isa = PBXFileReference; lastKnownFileType = sourcecode.swift; path = ContentView.swift; sourceTree = "<group>"; };
		AA0000000000000000000003 /* Vehicle.swift */ = {isa = PBXFileReference; lastKnownFileType = sourcecode.swift; path = Vehicle.swift; sourceTree = "<group>"; };
		AA0000000000000000000004 /* RouteInfo.swift */ = {isa = PBXFileReference; lastKnownFileType = sourcecode.swift; path = RouteInfo.swift; sourceTree = "<group>"; };
		AA0000000000000000000005 /* LineRegistry.swift */ = {isa = PBXFileReference; lastKnownFileType = sourcecode.swift; path = LineRegistry.swift; sourceTree = "<group>"; };
		AA0000000000000000000006 /* TransitAPI.swift */ = {isa = PBXFileReference; lastKnownFileType = sourcecode.swift; path = TransitAPI.swift; sourceTree = "<group>"; };
		AA0000000000000000000007 /* GeoMath.swift */ = {isa = PBXFileReference; lastKnownFileType = sourcecode.swift; path = GeoMath.swift; sourceTree = "<group>"; };
		AA0000000000000000000008 /* TransitStore.swift */ = {isa = PBXFileReference; lastKnownFileType = sourcecode.swift; path = TransitStore.swift; sourceTree = "<group>"; };
		AA0000000000000000000009 /* TransitMapView.swift */ = {isa = PBXFileReference; lastKnownFileType = sourcecode.swift; path = TransitMapView.swift; sourceTree = "<group>"; };
		AA000000000000000000000A /* FilterMenu.swift */ = {isa = PBXFileReference; lastKnownFileType = sourcecode.swift; path = FilterMenu.swift; sourceTree = "<group>"; };
		AA000000000000000000000B /* InfoBanner.swift */ = {isa = PBXFileReference; lastKnownFileType = sourcecode.swift; path = InfoBanner.swift; sourceTree = "<group>"; };
		AA000000000000000000000C /* Assets.xcassets */ = {isa = PBXFileReference; lastKnownFileType = folder.assetcatalog; path = Assets.xcassets; sourceTree = "<group>"; };
		AA000000000000000000000D /* Info.plist */ = {isa = PBXFileReference; lastKnownFileType = text.plist.xml; path = Info.plist; sourceTree = "<group>"; };
		AA000000000000000000000E /* CTATracker.app */ = {isa = PBXFileReference; explicitFileType = wrapper.application; includeInIndex = 0; path = CTATracker.app; sourceTree = BUILT_PRODUCTS_DIR; };
/* End PBXFileReference section */

/* Begin PBXFrameworksBuildPhase section */
		BB0300000000000000000003 /* Frameworks */ = {
			isa = PBXFrameworksBuildPhase;
			buildActionMask = 2147483647;
			files = (
			);
			runOnlyForDeploymentPostprocessing = 0;
		};
/* End PBXFrameworksBuildPhase section */

/* Begin PBXGroup section */
		BB0200000000000000000001 /* root */ = {
			isa = PBXGroup;
			children = (
				BB0200000000000000000002 /* CTATracker */,
				BB0200000000000000000007 /* Products */,
			);
			sourceTree = "<group>";
		};
		BB0200000000000000000002 /* CTATracker */ = {
			isa = PBXGroup;
			children = (
				AA0000000000000000000001 /* CTATrackerApp.swift */,
				AA0000000000000000000002 /* ContentView.swift */,
				AA000000000000000000000D /* Info.plist */,
				AA000000000000000000000C /* Assets.xcassets */,
				BB0200000000000000000003 /* Models */,
				BB0200000000000000000004 /* Services */,
				BB0200000000000000000005 /* Stores */,
				BB0200000000000000000006 /* Views */,
			);
			path = CTATracker;
			sourceTree = "<group>";
		};
		BB0200000000000000000003 /* Models */ = {
			isa = PBXGroup;
			children = (
				AA0000000000000000000003 /* Vehicle.swift */,
				AA0000000000000000000004 /* RouteInfo.swift */,
				AA0000000000000000000005 /* LineRegistry.swift */,
			);
			path = Models;
			sourceTree = "<group>";
		};
		BB0200000000000000000004 /* Services */ = {
			isa = PBXGroup;
			children = (
				AA0000000000000000000006 /* TransitAPI.swift */,
				AA0000000000000000000007 /* GeoMath.swift */,
			);
			path = Services;
			sourceTree = "<group>";
		};
		BB0200000000000000000005 /* Stores */ = {
			isa = PBXGroup;
			children = (
				AA0000000000000000000008 /* TransitStore.swift */,
			);
			path = Stores;
			sourceTree = "<group>";
		};
		BB0200000000000000000006 /* Views */ = {
			isa = PBXGroup;
			children = (
				AA0000000000000000000009 /* TransitMapView.swift */,
				AA000000000000000000000A /* FilterMenu.swift */,
				AA000000000000000000000B /* InfoBanner.swift */,
			);
			path = Views;
			sourceTree = "<group>";
		};
		BB0200000000000000000007 /* Products */ = {
			isa = PBXGroup;
			children = (
				AA000000000000000000000E /* CTATracker.app */,
			);
			name = Products;
			sourceTree = "<group>";
		};
/* End PBXGroup section */

/* Begin PBXNativeTarget section */
		CC0000000000000000000001 /* CTATracker */ = {
			isa = PBXNativeTarget;
			buildConfigurationList = DD0200000000000000000002 /* Build configuration list for PBXNativeTarget "CTATracker" */;
			buildPhases = (
				BB0300000000000000000001 /* Sources */,
				BB0300000000000000000002 /* Resources */,
				BB0300000000000000000003 /* Frameworks */,
			);
			buildRules = (
			);
			dependencies = (
			);
			name = CTATracker;
			productName = CTATracker;
			productReference = AA000000000000000000000E /* CTATracker.app */;
			productType = "com.apple.product-type.application";
		};
/* End PBXNativeTarget section */

/* Begin PBXProject section */
		CC0000000000000000000002 /* Project object */ = {
			isa = PBXProject;
			attributes = {
				BuildIndependentTargetsInParallel = 1;
				LastSwiftUpdateCheck = 2600;
				LastUpgradeCheck = 2600;
				TargetAttributes = {
					CC0000000000000000000001 = {
						CreatedOnToolsVersion = 26.0;
					};
				};
			};
			buildConfigurationList = DD0200000000000000000001 /* Build configuration list for PBXProject "CTATracker" */;
			compatibilityVersion = "Xcode 16.0";
			developmentRegion = en;
			hasScannedForEncodings = 0;
			knownRegions = (
				en,
				Base,
			);
			mainGroup = BB0200000000000000000001 /* root */;
			productRefGroup = BB0200000000000000000007 /* Products */;
			projectDirPath = "";
			projectRoot = "";
			targets = (
				CC0000000000000000000001 /* CTATracker */,
			);
		};
/* End PBXProject section */

/* Begin PBXResourcesBuildPhase section */
		BB0300000000000000000002 /* Resources */ = {
			isa = PBXResourcesBuildPhase;
			buildActionMask = 2147483647;
			files = (
				AA010000000000000000000C /* Assets.xcassets in Resources */,
			);
			runOnlyForDeploymentPostprocessing = 0;
		};
/* End PBXResourcesBuildPhase section */

/* Begin PBXSourcesBuildPhase section */
		BB0300000000000000000001 /* Sources */ = {
			isa = PBXSourcesBuildPhase;
			buildActionMask = 2147483647;
			files = (
				AA0100000000000000000001 /* CTATrackerApp.swift in Sources */,
				AA0100000000000000000002 /* ContentView.swift in Sources */,
				AA0100000000000000000003 /* Vehicle.swift in Sources */,
				AA0100000000000000000004 /* RouteInfo.swift in Sources */,
				AA0100000000000000000005 /* LineRegistry.swift in Sources */,
				AA0100000000000000000006 /* TransitAPI.swift in Sources */,
				AA0100000000000000000007 /* GeoMath.swift in Sources */,
				AA0100000000000000000008 /* TransitStore.swift in Sources */,
				AA0100000000000000000009 /* TransitMapView.swift in Sources */,
				AA010000000000000000000A /* FilterMenu.swift in Sources */,
				AA010000000000000000000B /* InfoBanner.swift in Sources */,
			);
			runOnlyForDeploymentPostprocessing = 0;
		};
/* End PBXSourcesBuildPhase section */

/* Begin XCBuildConfiguration section */
		DD0100000000000000000001 /* Debug */ = {
			isa = XCBuildConfiguration;
			buildSettings = {
				ALWAYS_SEARCH_USER_PATHS = NO;
				CLANG_ANALYZER_NONNULL = YES;
				CLANG_ANALYZER_NUMBER_OBJECT_CONVERSION = YES_AGGRESSIVE;
				CLANG_CXX_LANGUAGE_STANDARD = "gnu++20";
				CLANG_ENABLE_MODULES = YES;
				CLANG_ENABLE_OBJC_ARC = YES;
				CLANG_ENABLE_OBJC_WEAK = YES;
				CLANG_WARN_BLOCK_CAPTURE_AUTORELEASING = YES;
				CLANG_WARN_BOOL_CONVERSION = YES;
				CLANG_WARN_COMMA = YES;
				CLANG_WARN_CONSTANT_CONVERSION = YES;
				CLANG_WARN_DEPRECATED_OBJC_IMPLEMENTATIONS = YES;
				CLANG_WARN_DIRECT_OBJC_ISA_USAGE = YES_ERROR;
				CLANG_WARN_DOCUMENTATION_COMMENTS = YES;
				CLANG_WARN_EMPTY_BODY = YES;
				CLANG_WARN_ENUM_CONVERSION = YES;
				CLANG_WARN_INFINITE_RECURSION = YES;
				CLANG_WARN_INT_CONVERSION = YES;
				CLANG_WARN_NON_LITERAL_NULL_CONVERSION = YES;
				CLANG_WARN_OBJC_IMPLICIT_RETAIN_SELF = YES;
				CLANG_WARN_OBJC_LITERAL_CONVERSION = YES;
				CLANG_WARN_OBJC_ROOT_CLASS = YES_ERROR;
				CLANG_WARN_QUOTED_INCLUDE_IN_FRAMEWORK_HEADER = YES;
				CLANG_WARN_RANGE_LOOP_ANALYSIS = YES;
				CLANG_WARN_STRICT_PROTOTYPES = YES;
				CLANG_WARN_SUSPICIOUS_MOVE = YES;
				CLANG_WARN_UNGUARDED_AVAILABILITY = YES_AGGRESSIVE;
				CLANG_WARN_UNREACHABLE_CODE = YES;
				CLANG_WARN__DUPLICATE_METHOD_MATCH = YES;
				COPY_PHASE_STRIP = NO;
				DEBUG_INFORMATION_FORMAT = dwarf;
				ENABLE_STRICT_OBJC_MSGSEND = YES;
				ENABLE_TESTABILITY = YES;
				ENABLE_USER_SCRIPT_SANDBOXING = YES;
				GCC_C_LANGUAGE_STANDARD = gnu17;
				GCC_DYNAMIC_NO_PIC = NO;
				GCC_NO_COMMON_BLOCKS = YES;
				GCC_OPTIMIZATION_LEVEL = 0;
				GCC_PREPROCESSOR_DEFINITIONS = (
					"DEBUG=1",
					"$(inherited)",
				);
				GCC_WARN_64_TO_32_BIT_CONVERSION = YES;
				GCC_WARN_ABOUT_RETURN_TYPE = YES_ERROR;
				GCC_WARN_UNDECLARED_SELECTOR = YES;
				GCC_WARN_UNINITIALIZED_AUTOS = YES_AGGRESSIVE;
				GCC_WARN_UNUSED_FUNCTION = YES;
				GCC_WARN_UNUSED_VARIABLE = YES;
				IPHONEOS_DEPLOYMENT_TARGET = 17.0;
				MTL_ENABLE_DEBUG_INFO = INCLUDE_SOURCE;
				MTL_FAST_MATH = YES;
				ONLY_ACTIVE_ARCH = YES;
				SDKROOT = iphoneos;
				SWIFT_ACTIVE_COMPILATION_CONDITIONS = "DEBUG $(inherited)";
				SWIFT_OPTIMIZATION_LEVEL = "-Onone";
			};
			name = Debug;
		};
		DD0100000000000000000002 /* Release */ = {
			isa = XCBuildConfiguration;
			buildSettings = {
				ALWAYS_SEARCH_USER_PATHS = NO;
				CLANG_ANALYZER_NONNULL = YES;
				CLANG_ANALYZER_NUMBER_OBJECT_CONVERSION = YES_AGGRESSIVE;
				CLANG_CXX_LANGUAGE_STANDARD = "gnu++20";
				CLANG_ENABLE_MODULES = YES;
				CLANG_ENABLE_OBJC_ARC = YES;
				CLANG_ENABLE_OBJC_WEAK = YES;
				CLANG_WARN_BLOCK_CAPTURE_AUTORELEASING = YES;
				CLANG_WARN_BOOL_CONVERSION = YES;
				CLANG_WARN_COMMA = YES;
				CLANG_WARN_CONSTANT_CONVERSION = YES;
				CLANG_WARN_DEPRECATED_OBJC_IMPLEMENTATIONS = YES;
				CLANG_WARN_DIRECT_OBJC_ISA_USAGE = YES_ERROR;
				CLANG_WARN_DOCUMENTATION_COMMENTS = YES;
				CLANG_WARN_EMPTY_BODY = YES;
				CLANG_WARN_ENUM_CONVERSION = YES;
				CLANG_WARN_INFINITE_RECURSION = YES;
				CLANG_WARN_INT_CONVERSION = YES;
				CLANG_WARN_NON_LITERAL_NULL_CONVERSION = YES;
				CLANG_WARN_OBJC_IMPLICIT_RETAIN_SELF = YES;
				CLANG_WARN_OBJC_LITERAL_CONVERSION = YES;
				CLANG_WARN_OBJC_ROOT_CLASS = YES_ERROR;
				CLANG_WARN_QUOTED_INCLUDE_IN_FRAMEWORK_HEADER = YES;
				CLANG_WARN_RANGE_LOOP_ANALYSIS = YES;
				CLANG_WARN_STRICT_PROTOTYPES = YES;
				CLANG_WARN_SUSPICIOUS_MOVE = YES;
				CLANG_WARN_UNGUARDED_AVAILABILITY = YES_AGGRESSIVE;
				CLANG_WARN_UNREACHABLE_CODE = YES;
				CLANG_WARN__DUPLICATE_METHOD_MATCH = YES;
				COPY_PHASE_STRIP = NO;
				DEBUG_INFORMATION_FORMAT = "dwarf-with-dsym";
				ENABLE_NS_ASSERTIONS = NO;
				ENABLE_STRICT_OBJC_MSGSEND = YES;
				ENABLE_USER_SCRIPT_SANDBOXING = YES;
				GCC_C_LANGUAGE_STANDARD = gnu17;
				GCC_NO_COMMON_BLOCKS = YES;
				GCC_WARN_64_TO_32_BIT_CONVERSION = YES;
				GCC_WARN_ABOUT_RETURN_TYPE = YES_ERROR;
				GCC_WARN_UNDECLARED_SELECTOR = YES;
				GCC_WARN_UNINITIALIZED_AUTOS = YES_AGGRESSIVE;
				GCC_WARN_UNUSED_FUNCTION = YES;
				GCC_WARN_UNUSED_VARIABLE = YES;
				IPHONEOS_DEPLOYMENT_TARGET = 17.0;
				MTL_ENABLE_DEBUG_INFO = NO;
				MTL_FAST_MATH = YES;
				SDKROOT = iphoneos;
				SWIFT_COMPILATION_MODE = wholemodule;
				VALIDATE_PRODUCT = YES;
			};
			name = Release;
		};
		DD0100000000000000000003 /* Debug */ = {
			isa = XCBuildConfiguration;
			buildSettings = {
				ASSETCATALOG_COMPILER_APPICON_NAME = AppIcon;
				ASSETCATALOG_COMPILER_GLOBAL_ACCENT_COLOR_NAME = AccentColor;
				CODE_SIGN_STYLE = Automatic;
				CURRENT_PROJECT_VERSION = 1;
				GENERATE_INFOPLIST_FILE = NO;
				INFOPLIST_FILE = CTATracker/Info.plist;
				INFOPLIST_KEY_UIApplicationSceneManifest_Generation = YES;
				INFOPLIST_KEY_UIApplicationSupportsIndirectInputEvents = YES;
				INFOPLIST_KEY_UISupportedInterfaceOrientations_iPad = "UIInterfaceOrientationPortrait UIInterfaceOrientationPortraitUpsideDown UIInterfaceOrientationLandscapeLeft UIInterfaceOrientationLandscapeRight";
				INFOPLIST_KEY_UISupportedInterfaceOrientations_iPhone = "UIInterfaceOrientationPortrait UIInterfaceOrientationLandscapeLeft UIInterfaceOrientationLandscapeRight";
				LD_RUNPATH_SEARCH_PATHS = (
					"$(inherited)",
					"@executable_path/Frameworks",
				);
				MARKETING_VERSION = 1.0;
				PRODUCT_BUNDLE_IDENTIFIER = com.cta.tracker;
				PRODUCT_NAME = "$(TARGET_NAME)";
				SWIFT_EMIT_LOC_STRINGS = YES;
				SWIFT_VERSION = 6.0;
				TARGETED_DEVICE_FAMILY = "1,2";
			};
			name = Debug;
		};
		DD0100000000000000000004 /* Release */ = {
			isa = XCBuildConfiguration;
			buildSettings = {
				ASSETCATALOG_COMPILER_APPICON_NAME = AppIcon;
				ASSETCATALOG_COMPILER_GLOBAL_ACCENT_COLOR_NAME = AccentColor;
				CODE_SIGN_STYLE = Automatic;
				CURRENT_PROJECT_VERSION = 1;
				GENERATE_INFOPLIST_FILE = NO;
				INFOPLIST_FILE = CTATracker/Info.plist;
				INFOPLIST_KEY_UIApplicationSceneManifest_Generation = YES;
				INFOPLIST_KEY_UIApplicationSupportsIndirectInputEvents = YES;
				INFOPLIST_KEY_UISupportedInterfaceOrientations_iPad = "UIInterfaceOrientationPortrait UIInterfaceOrientationPortraitUpsideDown UIInterfaceOrientationLandscapeLeft UIInterfaceOrientationLandscapeRight";
				INFOPLIST_KEY_UISupportedInterfaceOrientations_iPhone = "UIInterfaceOrientationPortrait UIInterfaceOrientationLandscapeLeft UIInterfaceOrientationLandscapeRight";
				LD_RUNPATH_SEARCH_PATHS = (
					"$(inherited)",
					"@executable_path/Frameworks",
				);
				MARKETING_VERSION = 1.0;
				PRODUCT_BUNDLE_IDENTIFIER = com.cta.tracker;
				PRODUCT_NAME = "$(TARGET_NAME)";
				SWIFT_EMIT_LOC_STRINGS = YES;
				SWIFT_VERSION = 6.0;
				TARGETED_DEVICE_FAMILY = "1,2";
			};
			name = Release;
		};
/* End XCBuildConfiguration section */

/* Begin XCConfigurationList section */
		DD0200000000000000000001 /* Build configuration list for PBXProject "CTATracker" */ = {
			isa = XCConfigurationList;
			buildConfigurations = (
				DD0100000000000000000001 /* Debug */,
				DD0100000000000000000002 /* Release */,
			);
			defaultConfigurationIsVisible = 0;
			defaultConfigurationName = Release;
		};
		DD0200000000000000000002 /* Build configuration list for PBXNativeTarget "CTATracker" */ = {
			isa = XCConfigurationList;
			buildConfigurations = (
				DD0100000000000000000003 /* Debug */,
				DD0100000000000000000004 /* Release */,
			);
			defaultConfigurationIsVisible = 0;
			defaultConfigurationName = Release;
		};
/* End XCConfigurationList section */
	};
	rootObject = CC0000000000000000000002 /* Project object */;
}
